
Microsoft Visual Studio Solution File, Format Version 12.00
Project("{FAE04EC0-301F-11D3-BF4B-00C04F79EFBC}") = "Contacts", "Contacts\Contacts.csproj", "{1AB419A2-D53A-457F-A374-6B5516A442F1}"
EndProject
Project("{2150E333-8FDC-42A3-9474-1A3956D46DE8}") = "Solution Items", "Solution Items", "{E1A4191C-6774-4F5C-8D5E-412DD5AC2C43}"
	ProjectSection(SolutionItems) = preProject
		compose.yaml = compose.yaml
	EndProjectSection
EndProject
Project("{FAE04EC0-301F-11D3-BF4B-00C04F79EFBC}") = "Assignment1", "Assignment1\Assignment1.csproj", "{6041CF4D-E35E-4928-AF16-E8EE4A1E97AE}"
EndProject
Project("{FAE04EC0-301F-11D3-BF4B-00C04F79EFBC}") = "Fahrzeugverleih", "Fahrzeugverleih\Fahrzeugverleih.csproj", "{A386859F-F53D-4F48-8485-DF9BE7903104}"
EndProject
Project("{FAE04EC0-301F-11D3-BF4B-00C04F79EFBC}") = "TestFahrzeugverleih", "TestFahrzeugverleih\TestFahrzeugverleih.csproj", "{8873160C-03AB-43D4-948D-AA48BC2DFF98}"
EndProject
Global
	GlobalSection(SolutionConfigurationPlatforms) = preSolution
		Debug|Any CPU = Debug|Any CPU
		Release|Any CPU = Release|Any CPU
	EndGlobalSection
	GlobalSection(ProjectConfigurationPlatforms) = postSolution
		{1AB419A2-D53A-457F-A374-6B5516A442F1}.Debug|Any CPU.ActiveCfg = Debug|Any CPU
		{1AB419A2-D53A-457F-A374-6B5516A442F1}.Debug|Any CPU.Build.0 = Debug|Any CPU
		{1AB419A2-D53A-457F-A374-6B5516A442F1}.Release|Any CPU.ActiveCfg = Release|Any CPU
		{1AB419A2-D53A-457F-A374-6B5516A442F1}.Release|Any CPU.Build.0 = Release|Any CPU
		{6041CF4D-E35E-4928-AF16-E8EE4A1E97AE}.Debug|Any CPU.ActiveCfg = Debug|Any CPU
		{6041CF4D-E35E-4928-AF16-E8EE4A1E97AE}.Debug|Any CPU.Build.0 = Debug|Any CPU
		{6041CF4D-E35E-4928-AF16-E8EE4A1E97AE}.Release|Any CPU.ActiveCfg = Release|Any CPU
		{6041CF4D-E35E-4928-AF16-E8EE4A1E97AE}.Release|Any CPU.Build.0 = Release|Any CPU
		{A386859F-F53D-4F48-8485-DF9BE7903104}.Debug|Any CPU.ActiveCfg = Debug|Any CPU
		{A386859F-F53D-4F48-8485-DF9BE7903104}.Debug|Any CPU.Build.0 = Debug|Any CPU
		{A386859F-F53D-4F48-8485-DF9BE7903104}.Release|Any CPU.ActiveCfg = Release|Any CPU
		{A386859F-F53D-4F48-8485-DF9BE7903104}.Release|Any CPU.Build.0 = Release|Any CPU
		{8873160C-03AB-43D4-948D-AA48BC2DFF98}.Debug|Any CPU.ActiveCfg = Debug|Any CPU
		{8873160C-03AB-43D4-948D-AA48BC2DFF98}.Debug|Any CPU.Build.0 = Debug|Any CPU
		{8873160C-03AB-43D4-948D-AA48BC2DFF98}.Release|Any CPU.ActiveCfg = Release|Any CPU
		{8873160C-03AB-43D4-948D-AA48BC2DFF98}.Release|Any CPU.Build.0 = Release|Any CPU
	EndGlobalSection
EndGlobal
